// !$*UTF8*$!
{
	archiveVersion = 1;
	classes = {
	};
	objectVersion = 51;
	objects = {

/* Begin PBXBuildFile section */
		7AE136200858B1FC510ACC10 /* Pods_mapTest.framework in Frameworks */ = {isa = PBXBuildFile; fileRef = 8976B42929F538FE4DAC312C /* Pods_mapTest.framework */; };
		8D20A45626C354F8009DF8BF /* AppDelegate.swift in Sources */ = {isa = PBXBuildFile; fileRef = 8D20A45526C354F8009DF8BF /* AppDelegate.swift */; };
		8D20A45826C354F8009DF8BF /* SceneDelegate.swift in Sources */ = {isa = PBXBuildFile; fileRef = 8D20A45726C354F8009DF8BF /* SceneDelegate.swift */; };
		8D20A45A26C354F8009DF8BF /* MapViewController.swift in Sources */ = {isa = PBXBuildFile; fileRef = 8D20A45926C354F8009DF8BF /* MapViewController.swift */; };
		8D20A45F26C354F9009DF8BF /* Assets.xcassets in Resources */ = {isa = PBXBuildFile; fileRef = 8D20A45E26C354F9009DF8BF /* Assets.xcassets */; };
		8D20A46226C354F9009DF8BF /* LaunchScreen.storyboard in Resources */ = {isa = PBXBuildFile; fileRef = 8D20A46026C354F9009DF8BF /* LaunchScreen.storyboard */; };
		8D306CE126C6AD28004DA9AD /* UserRouteModel.swift in Sources */ = {isa = PBXBuildFile; fileRef = 8D306CE026C6AD28004DA9AD /* UserRouteModel.swift */; };
		8D674B5826C4093100116CBD /* UIView.swift in Sources */ = {isa = PBXBuildFile; fileRef = 8D674B5726C4093100116CBD /* UIView.swift */; };
		8D674B6226C40A0B00116CBD /* ListViewController.swift in Sources */ = {isa = PBXBuildFile; fileRef = 8D674B6126C40A0B00116CBD /* ListViewController.swift */; };
		8D674B6C26C40A9500116CBD /* ListTableViewCell.swift in Sources */ = {isa = PBXBuildFile; fileRef = 8D674B6A26C40A9500116CBD /* ListTableViewCell.swift */; };
		8D674B7226C40AD700116CBD /* DetailViewController.swift in Sources */ = {isa = PBXBuildFile; fileRef = 8D674B7126C40AD700116CBD /* DetailViewController.swift */; };
		8D674B7B26C410C200116CBD /* HomeViewController.swift in Sources */ = {isa = PBXBuildFile; fileRef = 8D674B7A26C410C200116CBD /* HomeViewController.swift */; };
		8D674B8026C41FBB00116CBD /* Colors.xcassets in Resources */ = {isa = PBXBuildFile; fileRef = 8D674B7F26C41FBB00116CBD /* Colors.xcassets */; };
		8D674B8526C420CE00116CBD /* UIImage.swift in Sources */ = {isa = PBXBuildFile; fileRef = 8D674B8426C420CE00116CBD /* UIImage.swift */; };
		8D674B8826C420F300116CBD /* UITabBar.swift in Sources */ = {isa = PBXBuildFile; fileRef = 8D674B8726C420F300116CBD /* UITabBar.swift */; };
		8D71D76126C9D25A00DF7456 /* ListViewModel.swift in Sources */ = {isa = PBXBuildFile; fileRef = 8D71D76026C9D25A00DF7456 /* ListViewModel.swift */; };
		8D7A65E426C5A27E00461D2D /* LocationManager.swift in Sources */ = {isa = PBXBuildFile; fileRef = 8D7A65E326C5A27E00461D2D /* LocationManager.swift */; };
		8D7A65E726C5A9C600461D2D /* MapViewModel.swift in Sources */ = {isa = PBXBuildFile; fileRef = 8D7A65E626C5A9C600461D2D /* MapViewModel.swift */; };
		8D7A65EA26C5BCA000461D2D /* RouteModel.swift in Sources */ = {isa = PBXBuildFile; fileRef = 8D7A65E926C5BCA000461D2D /* RouteModel.swift */; };
		8D7A65EF26C5C39300461D2D /* ApiClient.swift in Sources */ = {isa = PBXBuildFile; fileRef = 8D7A65EE26C5C39300461D2D /* ApiClient.swift */; };
		8DFAA9F226C964D800A3867E /* CLLocationCoordinate2D.swift in Sources */ = {isa = PBXBuildFile; fileRef = 8DFAA9F126C964D800A3867E /* CLLocationCoordinate2D.swift */; };
		8DFAA9F626C96F3300A3867E /* Location.gpx in Resources */ = {isa = PBXBuildFile; fileRef = 8DFAA9F526C96F3300A3867E /* Location.gpx */; };
/* End PBXBuildFile section */

/* Begin PBXFileReference section */
		409A81E926D1E1D410FE5404 /* Pods-mapTest.release.xcconfig */ = {isa = PBXFileReference; includeInIndex = 1; lastKnownFileType = text.xcconfig; name = "Pods-mapTest.release.xcconfig"; path = "Target Support Files/Pods-mapTest/Pods-mapTest.release.xcconfig"; sourceTree = "<group>"; };
		81A074A2D70386531218EF5C /* Pods-mapTest.debug.xcconfig */ = {isa = PBXFileReference; includeInIndex = 1; lastKnownFileType = text.xcconfig; name = "Pods-mapTest.debug.xcconfig"; path = "Target Support Files/Pods-mapTest/Pods-mapTest.debug.xcconfig"; sourceTree = "<group>"; };
		8976B42929F538FE4DAC312C /* Pods_mapTest.framework */ = {isa = PBXFileReference; explicitFileType = wrapper.framework; includeInIndex = 0; path = Pods_mapTest.framework; sourceTree = BUILT_PRODUCTS_DIR; };
		8D20A45226C354F8009DF8BF /* mapTest.app */ = {isa = PBXFileReference; explicitFileType = wrapper.application; includeInIndex = 0; path = mapTest.app; sourceTree = BUILT_PRODUCTS_DIR; };
		8D20A45526C354F8009DF8BF /* AppDelegate.swift */ = {isa = PBXFileReference; lastKnownFileType = sourcecode.swift; path = AppDelegate.swift; sourceTree = "<group>"; };
		8D20A45726C354F8009DF8BF /* SceneDelegate.swift */ = {isa = PBXFileReference; lastKnownFileType = sourcecode.swift; path = SceneDelegate.swift; sourceTree = "<group>"; };
		8D20A45926C354F8009DF8BF /* MapViewController.swift */ = {isa = PBXFileReference; lastKnownFileType = sourcecode.swift; path = MapViewController.swift; sourceTree = "<group>"; };
		8D20A45E26C354F9009DF8BF /* Assets.xcassets */ = {isa = PBXFileReference; lastKnownFileType = folder.assetcatalog; path = Assets.xcassets; sourceTree = "<group>"; };
		8D20A46126C354F9009DF8BF /* Base */ = {isa = PBXFileReference; lastKnownFileType = file.storyboard; name = Base; path = Base.lproj/LaunchScreen.storyboard; sourceTree = "<group>"; };
		8D20A46326C354F9009DF8BF /* Info.plist */ = {isa = PBXFileReference; lastKnownFileType = text.plist.xml; path = Info.plist; sourceTree = "<group>"; };
		8D306CE026C6AD28004DA9AD /* UserRouteModel.swift */ = {isa = PBXFileReference; lastKnownFileType = sourcecode.swift; path = UserRouteModel.swift; sourceTree = "<group>"; };
		8D674B5726C4093100116CBD /* UIView.swift */ = {isa = PBXFileReference; lastKnownFileType = sourcecode.swift; path = UIView.swift; sourceTree = "<group>"; };
		8D674B6126C40A0B00116CBD /* ListViewController.swift */ = {isa = PBXFileReference; lastKnownFileType = sourcecode.swift; path = ListViewController.swift; sourceTree = "<group>"; };
		8D674B6A26C40A9500116CBD /* ListTableViewCell.swift */ = {isa = PBXFileReference; lastKnownFileType = sourcecode.swift; path = ListTableViewCell.swift; sourceTree = "<group>"; };
		8D674B7126C40AD700116CBD /* DetailViewController.swift */ = {isa = PBXFileReference; lastKnownFileType = sourcecode.swift; path = DetailViewController.swift; sourceTree = "<group>"; };
		8D674B7A26C410C200116CBD /* HomeViewController.swift */ = {isa = PBXFileReference; lastKnownFileType = sourcecode.swift; path = HomeViewController.swift; sourceTree = "<group>"; };
		8D674B7F26C41FBB00116CBD /* Colors.xcassets */ = {isa = PBXFileReference; lastKnownFileType = folder.assetcatalog; path = Colors.xcassets; sourceTree = "<group>"; };
		8D674B8426C420CE00116CBD /* UIImage.swift */ = {isa = PBXFileReference; lastKnownFileType = sourcecode.swift; path = UIImage.swift; sourceTree = "<group>"; };
		8D674B8726C420F300116CBD /* UITabBar.swift */ = {isa = PBXFileReference; lastKnownFileType = sourcecode.swift; path = UITabBar.swift; sourceTree = "<group>"; };
		8D71D76026C9D25A00DF7456 /* ListViewModel.swift */ = {isa = PBXFileReference; lastKnownFileType = sourcecode.swift; path = ListViewModel.swift; sourceTree = "<group>"; };
		8D7A65E326C5A27E00461D2D /* LocationManager.swift */ = {isa = PBXFileReference; lastKnownFileType = sourcecode.swift; path = LocationManager.swift; sourceTree = "<group>"; };
		8D7A65E626C5A9C600461D2D /* MapViewModel.swift */ = {isa = PBXFileReference; lastKnownFileType = sourcecode.swift; path = MapViewModel.swift; sourceTree = "<group>"; };
		8D7A65E926C5BCA000461D2D /* RouteModel.swift */ = {isa = PBXFileReference; lastKnownFileType = sourcecode.swift; path = RouteModel.swift; sourceTree = "<group>"; };
		8D7A65EE26C5C39300461D2D /* ApiClient.swift */ = {isa = PBXFileReference; lastKnownFileType = sourcecode.swift; path = ApiClient.swift; sourceTree = "<group>"; };
		8DFAA9F126C964D800A3867E /* CLLocationCoordinate2D.swift */ = {isa = PBXFileReference; lastKnownFileType = sourcecode.swift; path = CLLocationCoordinate2D.swift; sourceTree = "<group>"; };
		8DFAA9F526C96F3300A3867E /* Location.gpx */ = {isa = PBXFileReference; lastKnownFileType = text.xml; path = Location.gpx; sourceTree = "<group>"; };
/* End PBXFileReference section */

/* Begin PBXFrameworksBuildPhase section */
		8D20A44F26C354F8009DF8BF /* Frameworks */ = {
			isa = PBXFrameworksBuildPhase;
			buildActionMask = 2147483647;
			files = (
				7AE136200858B1FC510ACC10 /* Pods_mapTest.framework in Frameworks */,
			);
			runOnlyForDeploymentPostprocessing = 0;
		};
/* End PBXFrameworksBuildPhase section */

/* Begin PBXGroup section */
		6B55A29A91D837FF127B9AFD /* Frameworks */ = {
			isa = PBXGroup;
			children = (
				8976B42929F538FE4DAC312C /* Pods_mapTest.framework */,
			);
			name = Frameworks;
			sourceTree = "<group>";
		};
		8D20A44926C354F8009DF8BF = {
			isa = PBXGroup;
			children = (
				8D20A45426C354F8009DF8BF /* mapTest */,
				8D20A45326C354F8009DF8BF /* Products */,
				D1775AB933B1A2B0B0D01C07 /* Pods */,
				6B55A29A91D837FF127B9AFD /* Frameworks */,
			);
			sourceTree = "<group>";
		};
		8D20A45326C354F8009DF8BF /* Products */ = {
			isa = PBXGroup;
			children = (
				8D20A45226C354F8009DF8BF /* mapTest.app */,
			);
			name = Products;
			sourceTree = "<group>";
		};
		8D20A45426C354F8009DF8BF /* mapTest */ = {
			isa = PBXGroup;
			children = (
				8D20A46326C354F9009DF8BF /* Info.plist */,
				8D674B5526C408ED00116CBD /* Models */,
				8D674B5426C408E500116CBD /* Views */,
				8D674B5326C408DC00116CBD /* ViewModels */,
				8D7A65EC26C5C01B00461D2D /* Networking */,
				8D674B5226C408CF00116CBD /* Common */,
				8D674B5626C4091000116CBD /* Resources */,
			);
			path = mapTest;
			sourceTree = "<group>";
		};
		8D674B5226C408CF00116CBD /* Common */ = {
			isa = PBXGroup;
			children = (
				8D20A45526C354F8009DF8BF /* AppDelegate.swift */,
				8D20A45726C354F8009DF8BF /* SceneDelegate.swift */,
				8D20A46026C354F9009DF8BF /* LaunchScreen.storyboard */,
			);
			path = Common;
			sourceTree = "<group>";
		};
		8D674B5326C408DC00116CBD /* ViewModels */ = {
			isa = PBXGroup;
			children = (
				8D7A65E626C5A9C600461D2D /* MapViewModel.swift */,
				8D71D76026C9D25A00DF7456 /* ListViewModel.swift */,
			);
			path = ViewModels;
			sourceTree = "<group>";
		};
		8D674B5426C408E500116CBD /* Views */ = {
			isa = PBXGroup;
			children = (
				8D674B7A26C410C200116CBD /* HomeViewController.swift */,
				8D674B6026C409BB00116CBD /* MapViewController */,
				8D674B6826C40A5900116CBD /* ListViewController */,
				8D674B7026C40AA700116CBD /* DetailViewController */,
			);
			path = Views;
			sourceTree = "<group>";
		};
		8D674B5526C408ED00116CBD /* Models */ = {
			isa = PBXGroup;
			children = (
				8D7A65E926C5BCA000461D2D /* RouteModel.swift */,
				8D306CE026C6AD28004DA9AD /* UserRouteModel.swift */,
			);
			path = Models;
			sourceTree = "<group>";
		};
		8D674B5626C4091000116CBD /* Resources */ = {
			isa = PBXGroup;
			children = (
				8DFAA9F526C96F3300A3867E /* Location.gpx */,
				8D20A45E26C354F9009DF8BF /* Assets.xcassets */,
				8D674B7F26C41FBB00116CBD /* Colors.xcassets */,
				8D674B5A26C4093700116CBD /* Extensions */,
			);
			path = Resources;
			sourceTree = "<group>";
		};
		8D674B5A26C4093700116CBD /* Extensions */ = {
			isa = PBXGroup;
			children = (
				8D674B5726C4093100116CBD /* UIView.swift */,
				8D674B8426C420CE00116CBD /* UIImage.swift */,
				8D674B8726C420F300116CBD /* UITabBar.swift */,
				8DFAA9F126C964D800A3867E /* CLLocationCoordinate2D.swift */,
			);
			path = Extensions;
			sourceTree = "<group>";
		};
		8D674B6026C409BB00116CBD /* MapViewController */ = {
			isa = PBXGroup;
			children = (
				8D20A45926C354F8009DF8BF /* MapViewController.swift */,
				8D7A65E326C5A27E00461D2D /* LocationManager.swift */,
			);
			path = MapViewController;
			sourceTree = "<group>";
		};
		8D674B6826C40A5900116CBD /* ListViewController */ = {
			isa = PBXGroup;
			children = (
				8D674B6926C40A6600116CBD /* Cell */,
				8D674B6126C40A0B00116CBD /* ListViewController.swift */,
			);
			path = ListViewController;
			sourceTree = "<group>";
		};
		8D674B6926C40A6600116CBD /* Cell */ = {
			isa = PBXGroup;
			children = (
				8D674B6A26C40A9500116CBD /* ListTableViewCell.swift */,
			);
			path = Cell;
			sourceTree = "<group>";
		};
		8D674B7026C40AA700116CBD /* DetailViewController */ = {
			isa = PBXGroup;
			children = (
				8D674B7126C40AD700116CBD /* DetailViewController.swift */,
			);
			path = DetailViewController;
			sourceTree = "<group>";
		};
		8D7A65EC26C5C01B00461D2D /* Networking */ = {
			isa = PBXGroup;
			children = (
				8D7A65EE26C5C39300461D2D /* ApiClient.swift */,
			);
			path = Networking;
			sourceTree = "<group>";
		};
		D1775AB933B1A2B0B0D01C07 /* Pods */ = {
			isa = PBXGroup;
			children = (
				81A074A2D70386531218EF5C /* Pods-mapTest.debug.xcconfig */,
				409A81E926D1E1D410FE5404 /* Pods-mapTest.release.xcconfig */,
			);
			path = Pods;
			sourceTree = "<group>";
		};
/* End PBXGroup section */

/* Begin PBXNativeTarget section */
		8D20A45126C354F8009DF8BF /* mapTest */ = {
			isa = PBXNativeTarget;
			buildConfigurationList = 8D20A46626C354F9009DF8BF /* Build configuration list for PBXNativeTarget "mapTest" */;
			buildPhases = (
				C374805DE63CF30E179DF090 /* [CP] Check Pods Manifest.lock */,
				8D20A44E26C354F8009DF8BF /* Sources */,
				8D20A44F26C354F8009DF8BF /* Frameworks */,
				8D20A45026C354F8009DF8BF /* Resources */,
				35BE07836ED2379FC2399989 /* [CP] Copy Pods Resources */,
				03138997413683E43AA289D2 /* [CP] Embed Pods Frameworks */,
			);
			buildRules = (
			);
			dependencies = (
			);
			name = mapTest;
			productName = mapTest;
			productReference = 8D20A45226C354F8009DF8BF /* mapTest.app */;
			productType = "com.apple.product-type.application";
		};
/* End PBXNativeTarget section */

/* Begin PBXProject section */
		8D20A44A26C354F8009DF8BF /* Project object */ = {
			isa = PBXProject;
			attributes = {
				LastSwiftUpdateCheck = 1210;
				LastUpgradeCheck = 1210;
				TargetAttributes = {
					8D20A45126C354F8009DF8BF = {
						CreatedOnToolsVersion = 12.1;
					};
				};
			};
			buildConfigurationList = 8D20A44D26C354F8009DF8BF /* Build configuration list for PBXProject "mapTest" */;
			compatibilityVersion = "Xcode 9.3";
			developmentRegion = en;
			hasScannedForEncodings = 0;
			knownRegions = (
				en,
				Base,
			);
			mainGroup = 8D20A44926C354F8009DF8BF;
			productRefGroup = 8D20A45326C354F8009DF8BF /* Products */;
			projectDirPath = "";
			projectRoot = "";
			targets = (
				8D20A45126C354F8009DF8BF /* mapTest */,
			);
		};
/* End PBXProject section */

/* Begin PBXResourcesBuildPhase section */
		8D20A45026C354F8009DF8BF /* Resources */ = {
			isa = PBXResourcesBuildPhase;
			buildActionMask = 2147483647;
			files = (
				8D20A46226C354F9009DF8BF /* LaunchScreen.storyboard in Resources */,
				8D674B8026C41FBB00116CBD /* Colors.xcassets in Resources */,
				8DFAA9F626C96F3300A3867E /* Location.gpx in Resources */,
				8D20A45F26C354F9009DF8BF /* Assets.xcassets in Resources */,
			);
			runOnlyForDeploymentPostprocessing = 0;
		};
/* End PBXResourcesBuildPhase section */

/* Begin PBXShellScriptBuildPhase section */
		03138997413683E43AA289D2 /* [CP] Embed Pods Frameworks */ = {
			isa = PBXShellScriptBuildPhase;
			buildActionMask = 2147483647;
			files = (
			);
			inputFileListPaths = (
				"${PODS_ROOT}/Target Support Files/Pods-mapTest/Pods-mapTest-frameworks-${CONFIGURATION}-input-files.xcfilelist",
			);
			name = "[CP] Embed Pods Frameworks";
			outputFileListPaths = (
				"${PODS_ROOT}/Target Support Files/Pods-mapTest/Pods-mapTest-frameworks-${CONFIGURATION}-output-files.xcfilelist",
			);
			runOnlyForDeploymentPostprocessing = 0;
			shellPath = /bin/sh;
			shellScript = "\"${PODS_ROOT}/Target Support Files/Pods-mapTest/Pods-mapTest-frameworks.sh\"\n";
			showEnvVarsInLog = 0;
		};
		35BE07836ED2379FC2399989 /* [CP] Copy Pods Resources */ = {
			isa = PBXShellScriptBuildPhase;
			buildActionMask = 2147483647;
			files = (
			);
			inputFileListPaths = (
				"${PODS_ROOT}/Target Support Files/Pods-mapTest/Pods-mapTest-resources-${CONFIGURATION}-input-files.xcfilelist",
			);
			name = "[CP] Copy Pods Resources";
			outputFileListPaths = (
				"${PODS_ROOT}/Target Support Files/Pods-mapTest/Pods-mapTest-resources-${CONFIGURATION}-output-files.xcfilelist",
			);
			runOnlyForDeploymentPostprocessing = 0;
			shellPath = /bin/sh;
			shellScript = "\"${PODS_ROOT}/Target Support Files/Pods-mapTest/Pods-mapTest-resources.sh\"\n";
			showEnvVarsInLog = 0;
		};
		C374805DE63CF30E179DF090 /* [CP] Check Pods Manifest.lock */ = {
			isa = PBXShellScriptBuildPhase;
			buildActionMask = 2147483647;
			files = (
			);
			inputFileListPaths = (
			);
			inputPaths = (
				"${PODS_PODFILE_DIR_PATH}/Podfile.lock",
				"${PODS_ROOT}/Manifest.lock",
			);
			name = "[CP] Check Pods Manifest.lock";
			outputFileListPaths = (
			);
			outputPaths = (
				"$(DERIVED_FILE_DIR)/Pods-mapTest-checkManifestLockResult.txt",
			);
			runOnlyForDeploymentPostprocessing = 0;
			shellPath = /bin/sh;
			shellScript = "diff \"${PODS_PODFILE_DIR_PATH}/Podfile.lock\" \"${PODS_ROOT}/Manifest.lock\" > /dev/null\nif [ $? != 0 ] ; then\n    # print error to STDERR\n    echo \"error: The sandbox is not in sync with the Podfile.lock. Run 'pod install' or update your CocoaPods installation.\" >&2\n    exit 1\nfi\n# This output is used by Xcode 'outputs' to avoid re-running this script phase.\necho \"SUCCESS\" > \"${SCRIPT_OUTPUT_FILE_0}\"\n";
			showEnvVarsInLog = 0;
		};
/* End PBXShellScriptBuildPhase section */

/* Begin PBXSourcesBuildPhase section */
		8D20A44E26C354F8009DF8BF /* Sources */ = {
			isa = PBXSourcesBuildPhase;
			buildActionMask = 2147483647;
			files = (
				8D7A65EF26C5C39300461D2D /* ApiClient.swift in Sources */,
				8D20A45A26C354F8009DF8BF /* MapViewController.swift in Sources */,
				8D306CE126C6AD28004DA9AD /* UserRouteModel.swift in Sources */,
				8D674B8826C420F300116CBD /* UITabBar.swift in Sources */,
				8D20A45626C354F8009DF8BF /* AppDelegate.swift in Sources */,
				8D7A65EA26C5BCA000461D2D /* RouteModel.swift in Sources */,
				8D7A65E426C5A27E00461D2D /* LocationManager.swift in Sources */,
				8D20A45826C354F8009DF8BF /* SceneDelegate.swift in Sources */,
				8D674B7B26C410C200116CBD /* HomeViewController.swift in Sources */,
				8D674B6226C40A0B00116CBD /* ListViewController.swift in Sources */,
				8D674B5826C4093100116CBD /* UIView.swift in Sources */,
				8D674B8526C420CE00116CBD /* UIImage.swift in Sources */,
				8D674B6C26C40A9500116CBD /* ListTableViewCell.swift in Sources */,
				8DFAA9F226C964D800A3867E /* CLLocationCoordinate2D.swift in Sources */,
				8D674B7226C40AD700116CBD /* DetailViewController.swift in Sources */,
				8D7A65E726C5A9C600461D2D /* MapViewModel.swift in Sources */,
				8D71D76126C9D25A00DF7456 /* ListViewModel.swift in Sources */,
			);
			runOnlyForDeploymentPostprocessing = 0;
		};
/* End PBXSourcesBuildPhase section */

/* Begin PBXVariantGroup section */
		8D20A46026C354F9009DF8BF /* LaunchScreen.storyboard */ = {
			isa = PBXVariantGroup;
			children = (
				8D20A46126C354F9009DF8BF /* Base */,
			);
			name = LaunchScreen.storyboard;
			sourceTree = "<group>";
		};
/* End PBXVariantGroup section */

/* Begin XCBuildConfiguration section */
		8D20A46426C354F9009DF8BF /* Debug */ = {
			isa = XCBuildConfiguration;
			buildSettings = {
				ALWAYS_SEARCH_USER_PATHS = NO;
				CLANG_ANALYZER_NONNULL = YES;
				CLANG_ANALYZER_NUMBER_OBJECT_CONVERSION = YES_AGGRESSIVE;
				CLANG_CXX_LANGUAGE_STANDARD = "gnu++14";
				CLANG_CXX_LIBRARY = "libc++";
				CLANG_ENABLE_MODULES = YES;
				CLANG_ENABLE_OBJC_ARC = YES;
				CLANG_ENABLE_OBJC_WEAK = YES;
				CLANG_WARN_BLOCK_CAPTURE_AUTORELEASING = YES;
				CLANG_WARN_BOOL_CONVERSION = YES;
				CLANG_WARN_COMMA = YES;
				CLANG_WARN_CONSTANT_CONVERSION = YES;
				CLANG_WARN_DEPRECATED_OBJC_IMPLEMENTATIONS = YES;
				CLANG_WARN_DIRECT_OBJC_ISA_USAGE = YES_ERROR;
				CLANG_WARN_DOCUMENTATION_COMMENTS = YES;
				CLANG_WARN_EMPTY_BODY = YES;
				CLANG_WARN_ENUM_CONVERSION = YES;
				CLANG_WARN_INFINITE_RECURSION = YES;
				CLANG_WARN_INT_CONVERSION = YES;
				CLANG_WARN_NON_LITERAL_NULL_CONVERSION = YES;
				CLANG_WARN_OBJC_IMPLICIT_RETAIN_SELF = YES;
				CLANG_WARN_OBJC_LITERAL_CONVERSION = YES;
				CLANG_WARN_OBJC_ROOT_CLASS = YES_ERROR;
				CLANG_WARN_QUOTED_INCLUDE_IN_FRAMEWORK_HEADER = YES;
				CLANG_WARN_RANGE_LOOP_ANALYSIS = YES;
				CLANG_WARN_STRICT_PROTOTYPES = YES;
				CLANG_WARN_SUSPICIOUS_MOVE = YES;
				CLANG_WARN_UNGUARDED_AVAILABILITY = YES_AGGRESSIVE;
				CLANG_WARN_UNREACHABLE_CODE = YES;
				CLANG_WARN__DUPLICATE_METHOD_MATCH = YES;
				COPY_PHASE_STRIP = NO;
				DEBUG_INFORMATION_FORMAT = dwarf;
				ENABLE_STRICT_OBJC_MSGSEND = YES;
				ENABLE_TESTABILITY = YES;
				GCC_C_LANGUAGE_STANDARD = gnu11;
				GCC_DYNAMIC_NO_PIC = NO;
				GCC_NO_COMMON_BLOCKS = YES;
				GCC_OPTIMIZATION_LEVEL = 0;
				GCC_PREPROCESSOR_DEFINITIONS = (
					"DEBUG=1",
					"$(inherited)",
				);
				GCC_WARN_64_TO_32_BIT_CONVERSION = YES;
				GCC_WARN_ABOUT_RETURN_TYPE = YES_ERROR;
				GCC_WARN_UNDECLARED_SELECTOR = YES;
				GCC_WARN_UNINITIALIZED_AUTOS = YES_AGGRESSIVE;
				GCC_WARN_UNUSED_FUNCTION = YES;
				GCC_WARN_UNUSED_VARIABLE = YES;
				IPHONEOS_DEPLOYMENT_TARGET = 14.1;
				MTL_ENABLE_DEBUG_INFO = INCLUDE_SOURCE;
				MTL_FAST_MATH = YES;
				ONLY_ACTIVE_ARCH = YES;
				SDKROOT = iphoneos;
				SWIFT_ACTIVE_COMPILATION_CONDITIONS = DEBUG;
				SWIFT_OPTIMIZATION_LEVEL = "-Onone";
			};
			name = Debug;
		};
		8D20A46526C354F9009DF8BF /* Release */ = {
			isa = XCBuildConfiguration;
			buildSettings = {
				ALWAYS_SEARCH_USER_PATHS = NO;
				CLANG_ANALYZER_NONNULL = YES;
				CLANG_ANALYZER_NUMBER_OBJECT_CONVERSION = YES_AGGRESSIVE;
				CLANG_CXX_LANGUAGE_STANDARD = "gnu++14";
				CLANG_CXX_LIBRARY = "libc++";
				CLANG_ENABLE_MODULES = YES;
				CLANG_ENABLE_OBJC_ARC = YES;
				CLANG_ENABLE_OBJC_WEAK = YES;
				CLANG_WARN_BLOCK_CAPTURE_AUTORELEASING = YES;
				CLANG_WARN_BOOL_CONVERSION = YES;
				CLANG_WARN_COMMA = YES;
				CLANG_WARN_CONSTANT_CONVERSION = YES;
				CLANG_WARN_DEPRECATED_OBJC_IMPLEMENTATIONS = YES;
				CLANG_WARN_DIRECT_OBJC_ISA_USAGE = YES_ERROR;
				CLANG_WARN_DOCUMENTATION_COMMENTS = YES;
				CLANG_WARN_EMPTY_BODY = YES;
				CLANG_WARN_ENUM_CONVERSION = YES;
				CLANG_WARN_INFINITE_RECURSION = YES;
				CLANG_WARN_INT_CONVERSION = YES;
				CLANG_WARN_NON_LITERAL_NULL_CONVERSION = YES;
				CLANG_WARN_OBJC_IMPLICIT_RETAIN_SELF = YES;
				CLANG_WARN_OBJC_LITERAL_CONVERSION = YES;
				CLANG_WARN_OBJC_ROOT_CLASS = YES_ERROR;
				CLANG_WARN_QUOTED_INCLUDE_IN_FRAMEWORK_HEADER = YES;
				CLANG_WARN_RANGE_LOOP_ANALYSIS = YES;
				CLANG_WARN_STRICT_PROTOTYPES = YES;
				CLANG_WARN_SUSPICIOUS_MOVE = YES;
				CLANG_WARN_UNGUARDED_AVAILABILITY = YES_AGGRESSIVE;
				CLANG_WARN_UNREACHABLE_CODE = YES;
				CLANG_WARN__DUPLICATE_METHOD_MATCH = YES;
				COPY_PHASE_STRIP = NO;
				DEBUG_INFORMATION_FORMAT = "dwarf-with-dsym";
				ENABLE_NS_ASSERTIONS = NO;
				ENABLE_STRICT_OBJC_MSGSEND = YES;
				GCC_C_LANGUAGE_STANDARD = gnu11;
				GCC_NO_COMMON_BLOCKS = YES;
				GCC_WARN_64_TO_32_BIT_CONVERSION = YES;
				GCC_WARN_ABOUT_RETURN_TYPE = YES_ERROR;
				GCC_WARN_UNDECLARED_SELECTOR = YES;
				GCC_WARN_UNINITIALIZED_AUTOS = YES_AGGRESSIVE;
				GCC_WARN_UNUSED_FUNCTION = YES;
				GCC_WARN_UNUSED_VARIABLE = YES;
				IPHONEOS_DEPLOYMENT_TARGET = 14.1;
				MTL_ENABLE_DEBUG_INFO = NO;
				MTL_FAST_MATH = YES;
				SDKROOT = iphoneos;
				SWIFT_COMPILATION_MODE = wholemodule;
				SWIFT_OPTIMIZATION_LEVEL = "-O";
				VALIDATE_PRODUCT = YES;
			};
			name = Release;
		};
		8D20A46726C354F9009DF8BF /* Debug */ = {
			isa = XCBuildConfiguration;
			baseConfigurationReference = 81A074A2D70386531218EF5C /* Pods-mapTest.debug.xcconfig */;
			buildSettings = {
				ASSETCATALOG_COMPILER_APPICON_NAME = AppIcon;
				ASSETCATALOG_COMPILER_GLOBAL_ACCENT_COLOR_NAME = AccentColor;
				CODE_SIGN_STYLE = Automatic;
				INFOPLIST_FILE = mapTest/Info.plist;
				LD_RUNPATH_SEARCH_PATHS = (
					"$(inherited)",
					"@executable_path/Frameworks",
				);
				PRODUCT_BUNDLE_IDENTIFIER = com.3rnestocs.mapTest;
				PRODUCT_NAME = "$(TARGET_NAME)";
				SWIFT_VERSION = 5.0;
				TARGETED_DEVICE_FAMILY = "1,2";
			};
			name = Debug;
		};
		8D20A46826C354F9009DF8BF /* Release */ = {
			isa = XCBuildConfiguration;
			baseConfigurationReference = 409A81E926D1E1D410FE5404 /* Pods-mapTest.release.xcconfig */;
			buildSettings = {
				ASSETCATALOG_COMPILER_APPICON_NAME = AppIcon;
				ASSETCATALOG_COMPILER_GLOBAL_ACCENT_COLOR_NAME = AccentColor;
				CODE_SIGN_STYLE = Automatic;
				INFOPLIST_FILE = mapTest/Info.plist;
				LD_RUNPATH_SEARCH_PATHS = (
					"$(inherited)",
					"@executable_path/Frameworks",
				);
				PRODUCT_BUNDLE_IDENTIFIER = com.3rnestocs.mapTest;
				PRODUCT_NAME = "$(TARGET_NAME)";
				SWIFT_VERSION = 5.0;
				TARGETED_DEVICE_FAMILY = "1,2";
			};
			name = Release;
		};
/* End XCBuildConfiguration section */

/* Begin XCConfigurationList section */
		8D20A44D26C354F8009DF8BF /* Build configuration list for PBXProject "mapTest" */ = {
			isa = XCConfigurationList;
			buildConfigurations = (
				8D20A46426C354F9009DF8BF /* Debug */,
				8D20A46526C354F9009DF8BF /* Release */,
			);
			defaultConfigurationIsVisible = 0;
			defaultConfigurationName = Release;
		};
		8D20A46626C354F9009DF8BF /* Build configuration list for PBXNativeTarget "mapTest" */ = {
			isa = XCConfigurationList;
			buildConfigurations = (
				8D20A46726C354F9009DF8BF /* Debug */,
				8D20A46826C354F9009DF8BF /* Release */,
			);
			defaultConfigurationIsVisible = 0;
			defaultConfigurationName = Release;
		};
/* End XCConfigurationList section */
	};
	rootObject = 8D20A44A26C354F8009DF8BF /* Project object */;
}
